
Microsoft Visual Studio Solution File, Format Version 12.00
# Visual Studio Version 16
VisualStudioVersion = 16.0.29503.13
MinimumVisualStudioVersion = 10.0.40219.1
Project("{9A19103F-16F7-4668-BE54-9A1E7A4F7556}") = "App.DataAccess", "App.DataAccess\App.DataAccess.csproj", "{6778B41D-8E9C-4142-908B-2E9EA6E2BA33}"
EndProject
Project("{9A19103F-16F7-4668-BE54-9A1E7A4F7556}") = "App.Web", "App.Web\App.Web.csproj", "{724499FE-3685-47DE-82A3-E30E59054D46}"
EndProject
Global
	GlobalSection(SolutionConfigurationPlatforms) = preSolution
		Debug|Any CPU = Debug|Any CPU
		Release|Any CPU = Release|Any CPU
	EndGlobalSection
	GlobalSection(ProjectConfigurationPlatforms) = postSolution
		{6778B41D-8E9C-4142-908B-2E9EA6E2BA33}.Debug|Any CPU.ActiveCfg = Debug|Any CPU
		{6778B41D-8E9C-4142-908B-2E9EA6E2BA33}.Debug|Any CPU.Build.0 = Debug|Any CPU
		{6778B41D-8E9C-4142-908B-2E9EA6E2BA33}.Release|Any CPU.ActiveCfg = Release|Any CPU
		{6778B41D-8E9C-4142-908B-2E9EA6E2BA33}.Release|Any CPU.Build.0 = Release|Any CPU
		{724499FE-3685-47DE-82A3-E30E59054D46}.Debug|Any CPU.ActiveCfg = Debug|Any CPU
		{724499FE-3685-47DE-82A3-E30E59054D46}.Debug|Any CPU.Build.0 = Debug|Any CPU
		{724499FE-3685-47DE-82A3-E30E59054D46}.Release|Any CPU.ActiveCfg = Release|Any CPU
		{724499FE-3685-47DE-82A3-E30E59054D46}.Release|Any CPU.Build.0 = Release|Any CPU
	EndGlobalSection
	GlobalSection(SolutionProperties) = preSolution
		HideSolutionNode = FALSE
	EndGlobalSection
	GlobalSection(ExtensibilityGlobals) = postSolution
		SolutionGuid = {422D131B-3F27-483D-8600-ECAFF95CFE4F}
	EndGlobalSection
EndGlobal
